
Microsoft Visual Studio Solution File, Format Version 12.00
# Visual Studio Version 17
VisualStudioVersion = 17.14.37516.0 d17.14
MinimumVisualStudioVersion = 10.0.40219.1
Project("{FAE04EC0-301F-11D3-BF4B-00C04F79EFBC}") = "8.Ciclowhile", "8.Ciclowhile.csproj", "{6718CB21-E618-4600-AA64-CB453E38D21A}"
EndProject
Global
	GlobalSection(SolutionConfigurationPlatforms) = preSolution
		Debug|Any CPU = Debug|Any CPU
		Release|Any CPU = Release|Any CPU
	EndGlobalSection
	GlobalSection(ProjectConfigurationPlatforms) = postSolution
		{6718CB21-E618-4600-AA64-CB453E38D21A}.Debug|Any CPU.ActiveCfg = Debug|Any CPU
		{6718CB21-E618-4600-AA64-CB453E38D21A}.Debug|Any CPU.Build.0 = Debug|Any CPU
		{6718CB21-E618-4600-AA64-CB453E38D21A}.Release|Any CPU.ActiveCfg = Release|Any CPU
		{6718CB21-E618-4600-AA64-CB453E38D21A}.Release|Any CPU.Build.0 = Release|Any CPU
	EndGlobalSection
	GlobalSection(SolutionProperties) = preSolution
		HideSolutionNode = FALSE
	EndGlobalSection
	GlobalSection(ExtensibilityGlobals) = postSolution
		SolutionGuid = {15A215A0-9698-49B7-80CB-8E864AA57AE6}
	EndGlobalSection
EndGlobal
