
Microsoft Visual Studio Solution File, Format Version 12.00
# Visual Studio Version 17
VisualStudioVersion = 17.14.37516.0 d17.14
MinimumVisualStudioVersion = 10.0.40219.1
Project("{FAE04EC0-301F-11D3-BF4B-00C04F79EFBC}") = "2TESTEPARCIAL_ciclos", "2TESTEPARCIAL_ciclos.csproj", "{4079D0A3-E062-4437-AA3C-FE82227464CC}"
EndProject
Global
	GlobalSection(SolutionConfigurationPlatforms) = preSolution
		Debug|Any CPU = Debug|Any CPU
		Release|Any CPU = Release|Any CPU
	EndGlobalSection
	GlobalSection(ProjectConfigurationPlatforms) = postSolution
		{4079D0A3-E062-4437-AA3C-FE82227464CC}.Debug|Any CPU.ActiveCfg = Debug|Any CPU
		{4079D0A3-E062-4437-AA3C-FE82227464CC}.Debug|Any CPU.Build.0 = Debug|Any CPU
		{4079D0A3-E062-4437-AA3C-FE82227464CC}.Release|Any CPU.ActiveCfg = Release|Any CPU
		{4079D0A3-E062-4437-AA3C-FE82227464CC}.Release|Any CPU.Build.0 = Release|Any CPU
	EndGlobalSection
	GlobalSection(SolutionProperties) = preSolution
		HideSolutionNode = FALSE
	EndGlobalSection
	GlobalSection(ExtensibilityGlobals) = postSolution
		SolutionGuid = {50460941-73B7-47C9-AECF-A9BBC0B9F7CC}
	EndGlobalSection
EndGlobal
