
Microsoft Visual Studio Solution File, Format Version 12.00
# Visual Studio Version 17
VisualStudioVersion = 17.14.37516.0 d17.14
MinimumVisualStudioVersion = 10.0.40219.1
Project("{FAE04EC0-301F-11D3-BF4B-00C04F79EFBC}") = "27_TEST_DE_VECTORES", "27_TEST_DE_VECTORES.csproj", "{C8BB8152-13E8-4138-85E7-240CCA791DA6}"
EndProject
Global
	GlobalSection(SolutionConfigurationPlatforms) = preSolution
		Debug|Any CPU = Debug|Any CPU
		Release|Any CPU = Release|Any CPU
	EndGlobalSection
	GlobalSection(ProjectConfigurationPlatforms) = postSolution
		{C8BB8152-13E8-4138-85E7-240CCA791DA6}.Debug|Any CPU.ActiveCfg = Debug|Any CPU
		{C8BB8152-13E8-4138-85E7-240CCA791DA6}.Debug|Any CPU.Build.0 = Debug|Any CPU
		{C8BB8152-13E8-4138-85E7-240CCA791DA6}.Release|Any CPU.ActiveCfg = Release|Any CPU
		{C8BB8152-13E8-4138-85E7-240CCA791DA6}.Release|Any CPU.Build.0 = Release|Any CPU
	EndGlobalSection
	GlobalSection(SolutionProperties) = preSolution
		HideSolutionNode = FALSE
	EndGlobalSection
	GlobalSection(ExtensibilityGlobals) = postSolution
		SolutionGuid = {274CCE6E-676C-40CC-B17C-6DA64A0BE871}
	EndGlobalSection
EndGlobal
