
Microsoft Visual Studio Solution File, Format Version 12.00
# Visual Studio Version 17
VisualStudioVersion = 17.14.37516.0 d17.14
MinimumVisualStudioVersion = 10.0.40219.1
Project("{FAE04EC0-301F-11D3-BF4B-00C04F79EFBC}") = "15ArrsyAreglosUnidimesionales", "15ArrsyAreglosUnidimesionales.csproj", "{89D8E807-7FE3-4E02-8EDD-B74D2FD1DE94}"
EndProject
Global
	GlobalSection(SolutionConfigurationPlatforms) = preSolution
		Debug|Any CPU = Debug|Any CPU
		Release|Any CPU = Release|Any CPU
	EndGlobalSection
	GlobalSection(ProjectConfigurationPlatforms) = postSolution
		{89D8E807-7FE3-4E02-8EDD-B74D2FD1DE94}.Debug|Any CPU.ActiveCfg = Debug|Any CPU
		{89D8E807-7FE3-4E02-8EDD-B74D2FD1DE94}.Debug|Any CPU.Build.0 = Debug|Any CPU
		{89D8E807-7FE3-4E02-8EDD-B74D2FD1DE94}.Release|Any CPU.ActiveCfg = Release|Any CPU
		{89D8E807-7FE3-4E02-8EDD-B74D2FD1DE94}.Release|Any CPU.Build.0 = Release|Any CPU
	EndGlobalSection
	GlobalSection(SolutionProperties) = preSolution
		HideSolutionNode = FALSE
	EndGlobalSection
	GlobalSection(ExtensibilityGlobals) = postSolution
		SolutionGuid = {F7077413-00BA-4497-A4B3-23977C535A36}
	EndGlobalSection
EndGlobal
